PODS:
  - Capacitor (6.1.2):
    - CapacitorCordova
  - CapacitorApp (6.0.1):
    - Capacitor
  - CapacitorCamera (6.1.0):
    - Capacitor
  - CapacitorCordova (6.1.2)
  - CapacitorFilesystem (6.0.1):
    - Capacitor
  - CapacitorHaptics (6.0.1):
    - Capacitor
  - CapacitorKeyboard (6.0.2):
    - Capacitor
  - CapacitorPluginScanbotSdk (5.1.0):
    - Capacitor
    - ScanbotSDKNativeWrapper/ALL (= 5.1.4.2)
  - CapacitorStatusBar (6.0.1):
    - Capacitor
  - ScanbotSDK/ALL (5.1.4)
  - ScanbotSDKNativeWrapper/ALL (5.1.4.2):
    - ScanbotSDK/ALL (= 5.1.4)

DEPENDENCIES:
  - "Capacitor (from `../../node_modules/@capacitor/ios`)"
  - "CapacitorApp (from `../../node_modules/@capacitor/app`)"
  - "CapacitorCamera (from `../../node_modules/@capacitor/camera`)"
  - "CapacitorCordova (from `../../node_modules/@capacitor/ios`)"
  - "CapacitorFilesystem (from `../../node_modules/@capacitor/filesystem`)"
  - "CapacitorHaptics (from `../../node_modules/@capacitor/haptics`)"
  - "CapacitorKeyboard (from `../../node_modules/@capacitor/keyboard`)"
  - CapacitorPluginScanbotSdk (from `../../node_modules/capacitor-plugin-scanbot-sdk`)
  - "CapacitorStatusBar (from `../../node_modules/@capacitor/status-bar`)"

SPEC REPOS:
  trunk:
    - ScanbotSDK
    - ScanbotSDKNativeWrapper

EXTERNAL SOURCES:
  Capacitor:
    :path: "../../node_modules/@capacitor/ios"
  CapacitorApp:
    :path: "../../node_modules/@capacitor/app"
  CapacitorCamera:
    :path: "../../node_modules/@capacitor/camera"
  CapacitorCordova:
    :path: "../../node_modules/@capacitor/ios"
  CapacitorFilesystem:
    :path: "../../node_modules/@capacitor/filesystem"
  CapacitorHaptics:
    :path: "../../node_modules/@capacitor/haptics"
  CapacitorKeyboard:
    :path: "../../node_modules/@capacitor/keyboard"
  CapacitorPluginScanbotSdk:
    :path: "../../node_modules/capacitor-plugin-scanbot-sdk"
  CapacitorStatusBar:
    :path: "../../node_modules/@capacitor/status-bar"

SPEC CHECKSUMS:
  Capacitor: 679f9673fdf30597493a6362a5d5bf233d46abc2
  CapacitorApp: 0bc633b4eae40a1f32cd2834788fad3bc42da6a1
  CapacitorCamera: 81ce64062cd82b82cc75a79616fda4bd09d7f643
  CapacitorCordova: f48c89f96c319101cd2f0ce8a2b7449b5fb8b3dd
  CapacitorFilesystem: 37fb3aa5c945b4539ab11c74a5c57925a302bf24
  CapacitorHaptics: fe689ade56ef20ec9b041a753c6da70c5d8ec9a9
  CapacitorKeyboard: 2700f9b18687be021e28b5a09b59eb151a46d5e0
  CapacitorPluginScanbotSdk: c3a78f6a858d67a4ce9fe7660c0b31e528c61621
  CapacitorStatusBar: b81d4fb5d4e0064c712018071b3ab4b810b39a63
  ScanbotSDK: af2b386a0cb9e3d460073727adfe5d0c2e9f40d1
  ScanbotSDKNativeWrapper: b5b68b3809bcd64dbc3ed4f909b4e919c06c8a87

PODFILE CHECKSUM: 8777c1cb3493933c63068654ef52b9e9efd29389

COCOAPODS: 1.15.2
